
Microsoft Visual Studio Solution File, Format Version 12.00
# Visual Studio 15
VisualStudioVersion = 15.0.28010.2050
MinimumVisualStudioVersion = 10.0.40219.1
Project("{FAE04EC0-301F-11D3-BF4B-00C04F79EFBC}") = "AjaxSinhvien", "AjaxSinhvien\AjaxSinhvien.csproj", "{A5110F52-45B0-4CE0-8208-05F1EE145B8F}"
EndProject
Global
	GlobalSection(SolutionConfigurationPlatforms) = preSolution
		Debug|Any CPU = Debug|Any CPU
		Release|Any CPU = Release|Any CPU
	EndGlobalSection
	GlobalSection(ProjectConfigurationPlatforms) = postSolution
		{A5110F52-45B0-4CE0-8208-05F1EE145B8F}.Debug|Any CPU.ActiveCfg = Debug|Any CPU
		{A5110F52-45B0-4CE0-8208-05F1EE145B8F}.Debug|Any CPU.Build.0 = Debug|Any CPU
		{A5110F52-45B0-4CE0-8208-05F1EE145B8F}.Release|Any CPU.ActiveCfg = Release|Any CPU
		{A5110F52-45B0-4CE0-8208-05F1EE145B8F}.Release|Any CPU.Build.0 = Release|Any CPU
	EndGlobalSection
	GlobalSection(SolutionProperties) = preSolution
		HideSolutionNode = FALSE
	EndGlobalSection
	GlobalSection(ExtensibilityGlobals) = postSolution
		SolutionGuid = {FC66C416-6743-49D1-86C4-2E1FC352D90B}
	EndGlobalSection
EndGlobal
